// !$*UTF8*$!
{
	archiveVersion = 1;
	classes = {
	};
	objectVersion = 50;
	objects = {

/* Begin PBXBuildFile section */
		D944CE7126E3FD63002D3CD5 /* AppDelegate.swift in Sources */ = {isa = PBXBuildFile; fileRef = D944CE7026E3FD63002D3CD5 /* AppDelegate.swift */; };
		D944CE7B26E3FD63002D3CD5 /* LeanScaleTask.xcdatamodeld in Sources */ = {isa = PBXBuildFile; fileRef = D944CE7926E3FD63002D3CD5 /* LeanScaleTask.xcdatamodeld */; };
		D944CE7D26E3FD65002D3CD5 /* Assets.xcassets in Resources */ = {isa = PBXBuildFile; fileRef = D944CE7C26E3FD65002D3CD5 /* Assets.xcassets */; };
		D944CE8026E3FD65002D3CD5 /* LaunchScreen.storyboard in Resources */ = {isa = PBXBuildFile; fileRef = D944CE7E26E3FD65002D3CD5 /* LaunchScreen.storyboard */; };
		D944CE8B26E3FD65002D3CD5 /* LeanScaleTaskTests.swift in Sources */ = {isa = PBXBuildFile; fileRef = D944CE8A26E3FD65002D3CD5 /* LeanScaleTaskTests.swift */; };
		D944CE9626E3FD65002D3CD5 /* LeanScaleTaskUITests.swift in Sources */ = {isa = PBXBuildFile; fileRef = D944CE9526E3FD65002D3CD5 /* LeanScaleTaskUITests.swift */; };
		D944CEB926E405AB002D3CD5 /* LeanScaleTask.xcdatamodeld in Sources */ = {isa = PBXBuildFile; fileRef = D944CE7926E3FD63002D3CD5 /* LeanScaleTask.xcdatamodeld */; };
		D944CEBA26E405AB002D3CD5 /* AppDelegate.swift in Sources */ = {isa = PBXBuildFile; fileRef = D944CE7026E3FD63002D3CD5 /* AppDelegate.swift */; };
		D944CEBE26E405AB002D3CD5 /* LaunchScreen.storyboard in Resources */ = {isa = PBXBuildFile; fileRef = D944CE7E26E3FD65002D3CD5 /* LaunchScreen.storyboard */; };
		D944CEBF26E405AB002D3CD5 /* Assets.xcassets in Resources */ = {isa = PBXBuildFile; fileRef = D944CE7C26E3FD65002D3CD5 /* Assets.xcassets */; };
		D944CEDA26E40834002D3CD5 /* GameList.storyboard in Resources */ = {isa = PBXBuildFile; fileRef = D944CED926E40834002D3CD5 /* GameList.storyboard */; };
		D944CEDB26E40834002D3CD5 /* GameList.storyboard in Resources */ = {isa = PBXBuildFile; fileRef = D944CED926E40834002D3CD5 /* GameList.storyboard */; };
		D944CEDF26E408F9002D3CD5 /* GameTableViewCell.swift in Sources */ = {isa = PBXBuildFile; fileRef = D944CEDD26E408F9002D3CD5 /* GameTableViewCell.swift */; };
		D944CEE026E408F9002D3CD5 /* GameTableViewCell.swift in Sources */ = {isa = PBXBuildFile; fileRef = D944CEDD26E408F9002D3CD5 /* GameTableViewCell.swift */; };
		D944CEE126E408F9002D3CD5 /* GameTableViewCell.xib in Resources */ = {isa = PBXBuildFile; fileRef = D944CEDE26E408F9002D3CD5 /* GameTableViewCell.xib */; };
		D944CEE226E408F9002D3CD5 /* GameTableViewCell.xib in Resources */ = {isa = PBXBuildFile; fileRef = D944CEDE26E408F9002D3CD5 /* GameTableViewCell.xib */; };
		D944CEE926E40952002D3CD5 /* GameListViewController.swift in Sources */ = {isa = PBXBuildFile; fileRef = D944CEE826E40952002D3CD5 /* GameListViewController.swift */; };
		D944CEEA26E40952002D3CD5 /* GameListViewController.swift in Sources */ = {isa = PBXBuildFile; fileRef = D944CEE826E40952002D3CD5 /* GameListViewController.swift */; };
		D944CEEE26E40CAD002D3CD5 /* GameListCellViewModel.swift in Sources */ = {isa = PBXBuildFile; fileRef = D944CEED26E40CAD002D3CD5 /* GameListCellViewModel.swift */; };
		D944CEEF26E40CAD002D3CD5 /* GameListCellViewModel.swift in Sources */ = {isa = PBXBuildFile; fileRef = D944CEED26E40CAD002D3CD5 /* GameListCellViewModel.swift */; };
		D944CEF426E40E2F002D3CD5 /* UIImageView+Extension.swift in Sources */ = {isa = PBXBuildFile; fileRef = D944CEF326E40E2F002D3CD5 /* UIImageView+Extension.swift */; };
		D944CEF526E40E2F002D3CD5 /* UIImageView+Extension.swift in Sources */ = {isa = PBXBuildFile; fileRef = D944CEF326E40E2F002D3CD5 /* UIImageView+Extension.swift */; };
		D944CEF726E410A5002D3CD5 /* GameListNavigationRouter.swift in Sources */ = {isa = PBXBuildFile; fileRef = D944CEF626E410A5002D3CD5 /* GameListNavigationRouter.swift */; };
		D944CEF826E410A5002D3CD5 /* GameListNavigationRouter.swift in Sources */ = {isa = PBXBuildFile; fileRef = D944CEF626E410A5002D3CD5 /* GameListNavigationRouter.swift */; };
		D944CEFC26E410F6002D3CD5 /* Storyboard.swift in Sources */ = {isa = PBXBuildFile; fileRef = D944CEFB26E410F6002D3CD5 /* Storyboard.swift */; };
		D944CEFD26E410F6002D3CD5 /* Storyboard.swift in Sources */ = {isa = PBXBuildFile; fileRef = D944CEFB26E410F6002D3CD5 /* Storyboard.swift */; };
		D944CEFF26E41122002D3CD5 /* ViewController.swift in Sources */ = {isa = PBXBuildFile; fileRef = D944CEFE26E41122002D3CD5 /* ViewController.swift */; };
		D944CF0026E41122002D3CD5 /* ViewController.swift in Sources */ = {isa = PBXBuildFile; fileRef = D944CEFE26E41122002D3CD5 /* ViewController.swift */; };
		D944CF0226E4115E002D3CD5 /* UIViewController+Extension.swift in Sources */ = {isa = PBXBuildFile; fileRef = D944CF0126E4115E002D3CD5 /* UIViewController+Extension.swift */; };
		D944CF0326E4115E002D3CD5 /* UIViewController+Extension.swift in Sources */ = {isa = PBXBuildFile; fileRef = D944CF0126E4115E002D3CD5 /* UIViewController+Extension.swift */; };
		D944CF0526E411EF002D3CD5 /* AppNavigationRouter.swift in Sources */ = {isa = PBXBuildFile; fileRef = D944CF0426E411EF002D3CD5 /* AppNavigationRouter.swift */; };
		D944CF0626E411EF002D3CD5 /* AppNavigationRouter.swift in Sources */ = {isa = PBXBuildFile; fileRef = D944CF0426E411EF002D3CD5 /* AppNavigationRouter.swift */; };
		D944CF0B26E418B0002D3CD5 /* APIConfig-Dev.swift in Sources */ = {isa = PBXBuildFile; fileRef = D944CF0A26E418B0002D3CD5 /* APIConfig-Dev.swift */; };
		D944CF0E26E418F9002D3CD5 /* APIConfig-Prod.swift in Sources */ = {isa = PBXBuildFile; fileRef = D944CF0C26E418BF002D3CD5 /* APIConfig-Prod.swift */; };
		D944CF1226E41921002D3CD5 /* GameListNetworkRouter.swift in Sources */ = {isa = PBXBuildFile; fileRef = D944CF1126E41921002D3CD5 /* GameListNetworkRouter.swift */; };
		D944CF1526E4193D002D3CD5 /* GameListResponse.swift in Sources */ = {isa = PBXBuildFile; fileRef = D944CF1426E4193D002D3CD5 /* GameListResponse.swift */; };
		D944CF1626E41B76002D3CD5 /* GameListNetworkRouter.swift in Sources */ = {isa = PBXBuildFile; fileRef = D944CF1126E41921002D3CD5 /* GameListNetworkRouter.swift */; };
		D944CF1726E41B79002D3CD5 /* GameListResponse.swift in Sources */ = {isa = PBXBuildFile; fileRef = D944CF1426E4193D002D3CD5 /* GameListResponse.swift */; };
		D944CF1926E41B85002D3CD5 /* GameListRequest.swift in Sources */ = {isa = PBXBuildFile; fileRef = D944CF1826E41B85002D3CD5 /* GameListRequest.swift */; };
		D944CF1A26E41B85002D3CD5 /* GameListRequest.swift in Sources */ = {isa = PBXBuildFile; fileRef = D944CF1826E41B85002D3CD5 /* GameListRequest.swift */; };
		D944CF1C26E41BE5002D3CD5 /* HTTPHelpers.swift in Sources */ = {isa = PBXBuildFile; fileRef = D944CF1B26E41BE5002D3CD5 /* HTTPHelpers.swift */; };
		D944CF1D26E41BE5002D3CD5 /* HTTPHelpers.swift in Sources */ = {isa = PBXBuildFile; fileRef = D944CF1B26E41BE5002D3CD5 /* HTTPHelpers.swift */; };
		D944CF1F26E41D89002D3CD5 /* Codable+Extension.swift in Sources */ = {isa = PBXBuildFile; fileRef = D944CF1E26E41D89002D3CD5 /* Codable+Extension.swift */; };
		D944CF2026E41D89002D3CD5 /* Codable+Extension.swift in Sources */ = {isa = PBXBuildFile; fileRef = D944CF1E26E41D89002D3CD5 /* Codable+Extension.swift */; };
		D944CF2326E422BB002D3CD5 /* NetworkManager.swift in Sources */ = {isa = PBXBuildFile; fileRef = D944CF2226E422BB002D3CD5 /* NetworkManager.swift */; };
		D944CF2426E422BB002D3CD5 /* NetworkManager.swift in Sources */ = {isa = PBXBuildFile; fileRef = D944CF2226E422BB002D3CD5 /* NetworkManager.swift */; };
		D944CF2626E42316002D3CD5 /* NetworkRoutering.swift in Sources */ = {isa = PBXBuildFile; fileRef = D944CF2526E42316002D3CD5 /* NetworkRoutering.swift */; };
		D944CF2726E42316002D3CD5 /* NetworkRoutering.swift in Sources */ = {isa = PBXBuildFile; fileRef = D944CF2526E42316002D3CD5 /* NetworkRoutering.swift */; };
		D944CF2A26E423AA002D3CD5 /* GameRemoteReprository.swift in Sources */ = {isa = PBXBuildFile; fileRef = D944CF2926E423AA002D3CD5 /* GameRemoteReprository.swift */; };
		D944CF2B26E423AA002D3CD5 /* GameRemoteReprository.swift in Sources */ = {isa = PBXBuildFile; fileRef = D944CF2926E423AA002D3CD5 /* GameRemoteReprository.swift */; };
		D944CF2E26E42707002D3CD5 /* GameListLocalReprository.swift in Sources */ = {isa = PBXBuildFile; fileRef = D944CF2D26E42707002D3CD5 /* GameListLocalReprository.swift */; };
		D944CF2F26E42707002D3CD5 /* GameListLocalReprository.swift in Sources */ = {isa = PBXBuildFile; fileRef = D944CF2D26E42707002D3CD5 /* GameListLocalReprository.swift */; };
		D944CF3126E4284F002D3CD5 /* LocalStorageKey.swift in Sources */ = {isa = PBXBuildFile; fileRef = D944CF3026E4284F002D3CD5 /* LocalStorageKey.swift */; };
		D944CF3226E4284F002D3CD5 /* LocalStorageKey.swift in Sources */ = {isa = PBXBuildFile; fileRef = D944CF3026E4284F002D3CD5 /* LocalStorageKey.swift */; };
		D944CF3426E42911002D3CD5 /* GameListReprository.swift in Sources */ = {isa = PBXBuildFile; fileRef = D944CF3326E42911002D3CD5 /* GameListReprository.swift */; };
		D944CF3526E42911002D3CD5 /* GameListReprository.swift in Sources */ = {isa = PBXBuildFile; fileRef = D944CF3326E42911002D3CD5 /* GameListReprository.swift */; };
		D944CF3726E42AAD002D3CD5 /* Page.swift in Sources */ = {isa = PBXBuildFile; fileRef = D944CF3626E42AAD002D3CD5 /* Page.swift */; };
		D944CF3826E42AAD002D3CD5 /* Page.swift in Sources */ = {isa = PBXBuildFile; fileRef = D944CF3626E42AAD002D3CD5 /* Page.swift */; };
		D9BF398C26E4BAC9006ABCFE /* GameListPresenter.swift in Sources */ = {isa = PBXBuildFile; fileRef = D9BF398B26E4BAC9006ABCFE /* GameListPresenter.swift */; };
		D9BF399026E4BBC4006ABCFE /* GameListProtocol.swift in Sources */ = {isa = PBXBuildFile; fileRef = D9BF398F26E4BBC4006ABCFE /* GameListProtocol.swift */; };
		D9BF399226E4C183006ABCFE /* GameListError.swift in Sources */ = {isa = PBXBuildFile; fileRef = D9BF399126E4C183006ABCFE /* GameListError.swift */; };
		D9BF399326E4D14A006ABCFE /* GameListPresenter.swift in Sources */ = {isa = PBXBuildFile; fileRef = D9BF398B26E4BAC9006ABCFE /* GameListPresenter.swift */; };
		D9BF399726E4D2C6006ABCFE /* GameListInteractor.swift in Sources */ = {isa = PBXBuildFile; fileRef = D9BF399626E4D2C6006ABCFE /* GameListInteractor.swift */; };
		D9BF399926E4D35E006ABCFE /* OpenedGameReprository.swift in Sources */ = {isa = PBXBuildFile; fileRef = D9BF399826E4D35E006ABCFE /* OpenedGameReprository.swift */; };
		D9BF399A26E4D35E006ABCFE /* OpenedGameReprository.swift in Sources */ = {isa = PBXBuildFile; fileRef = D9BF399826E4D35E006ABCFE /* OpenedGameReprository.swift */; };
/* End PBXBuildFile section */

/* Begin PBXContainerItemProxy section */
		D944CE8726E3FD65002D3CD5 /* PBXContainerItemProxy */ = {
			isa = PBXContainerItemProxy;
			containerPortal = D944CE6526E3FD63002D3CD5 /* Project object */;
			proxyType = 1;
			remoteGlobalIDString = D944CE6C26E3FD63002D3CD5;
			remoteInfo = LeanScaleTask;
		};
		D944CE9226E3FD65002D3CD5 /* PBXContainerItemProxy */ = {
			isa = PBXContainerItemProxy;
			containerPortal = D944CE6526E3FD63002D3CD5 /* Project object */;
			proxyType = 1;
			remoteGlobalIDString = D944CE6C26E3FD63002D3CD5;
			remoteInfo = LeanScaleTask;
		};
/* End PBXContainerItemProxy section */

/* Begin PBXFileReference section */
		D944CE6D26E3FD63002D3CD5 /* LeanScaleTaskDev.app */ = {isa = PBXFileReference; explicitFileType = wrapper.application; includeInIndex = 0; path = LeanScaleTaskDev.app; sourceTree = BUILT_PRODUCTS_DIR; };
		D944CE7026E3FD63002D3CD5 /* AppDelegate.swift */ = {isa = PBXFileReference; lastKnownFileType = sourcecode.swift; path = AppDelegate.swift; sourceTree = "<group>"; };
		D944CE7A26E3FD63002D3CD5 /* LeanScaleTask.xcdatamodel */ = {isa = PBXFileReference; lastKnownFileType = wrapper.xcdatamodel; path = LeanScaleTask.xcdatamodel; sourceTree = "<group>"; };
		D944CE7C26E3FD65002D3CD5 /* Assets.xcassets */ = {isa = PBXFileReference; lastKnownFileType = folder.assetcatalog; path = Assets.xcassets; sourceTree = "<group>"; };
		D944CE7F26E3FD65002D3CD5 /* Base */ = {isa = PBXFileReference; lastKnownFileType = file.storyboard; name = Base; path = Base.lproj/LaunchScreen.storyboard; sourceTree = "<group>"; };
		D944CE8626E3FD65002D3CD5 /* LeanScaleTaskTests.xctest */ = {isa = PBXFileReference; explicitFileType = wrapper.cfbundle; includeInIndex = 0; path = LeanScaleTaskTests.xctest; sourceTree = BUILT_PRODUCTS_DIR; };
		D944CE8A26E3FD65002D3CD5 /* LeanScaleTaskTests.swift */ = {isa = PBXFileReference; lastKnownFileType = sourcecode.swift; path = LeanScaleTaskTests.swift; sourceTree = "<group>"; };
		D944CE8C26E3FD65002D3CD5 /* Info.plist */ = {isa = PBXFileReference; lastKnownFileType = text.plist.xml; path = Info.plist; sourceTree = "<group>"; };
		D944CE9126E3FD65002D3CD5 /* LeanScaleTaskUITests.xctest */ = {isa = PBXFileReference; explicitFileType = wrapper.cfbundle; includeInIndex = 0; path = LeanScaleTaskUITests.xctest; sourceTree = BUILT_PRODUCTS_DIR; };
		D944CE9526E3FD65002D3CD5 /* LeanScaleTaskUITests.swift */ = {isa = PBXFileReference; lastKnownFileType = sourcecode.swift; path = LeanScaleTaskUITests.swift; sourceTree = "<group>"; };
		D944CE9726E3FD65002D3CD5 /* Info.plist */ = {isa = PBXFileReference; lastKnownFileType = text.plist.xml; path = Info.plist; sourceTree = "<group>"; };
		D944CEAC26E402BA002D3CD5 /* Info-Dev.plist */ = {isa = PBXFileReference; fileEncoding = 4; lastKnownFileType = text.plist.xml; path = "Info-Dev.plist"; sourceTree = "<group>"; };
		D944CEC326E405AB002D3CD5 /* LeanScaleTaskProd.app */ = {isa = PBXFileReference; explicitFileType = wrapper.application; includeInIndex = 0; path = LeanScaleTaskProd.app; sourceTree = BUILT_PRODUCTS_DIR; };
		D944CEC426E405CD002D3CD5 /* Info-Prod.plist */ = {isa = PBXFileReference; fileEncoding = 4; lastKnownFileType = text.plist.xml; path = "Info-Prod.plist"; sourceTree = "<group>"; };
		D944CED926E40834002D3CD5 /* GameList.storyboard */ = {isa = PBXFileReference; lastKnownFileType = file.storyboard; path = GameList.storyboard; sourceTree = "<group>"; };
		D944CEDD26E408F9002D3CD5 /* GameTableViewCell.swift */ = {isa = PBXFileReference; lastKnownFileType = sourcecode.swift; path = GameTableViewCell.swift; sourceTree = "<group>"; };
		D944CEDE26E408F9002D3CD5 /* GameTableViewCell.xib */ = {isa = PBXFileReference; lastKnownFileType = file.xib; path = GameTableViewCell.xib; sourceTree = "<group>"; };
		D944CEE826E40952002D3CD5 /* GameListViewController.swift */ = {isa = PBXFileReference; lastKnownFileType = sourcecode.swift; path = GameListViewController.swift; sourceTree = "<group>"; };
		D944CEED26E40CAD002D3CD5 /* GameListCellViewModel.swift */ = {isa = PBXFileReference; lastKnownFileType = sourcecode.swift; path = GameListCellViewModel.swift; sourceTree = "<group>"; };
		D944CEF326E40E2F002D3CD5 /* UIImageView+Extension.swift */ = {isa = PBXFileReference; lastKnownFileType = sourcecode.swift; path = "UIImageView+Extension.swift"; sourceTree = "<group>"; };
		D944CEF626E410A5002D3CD5 /* GameListNavigationRouter.swift */ = {isa = PBXFileReference; lastKnownFileType = sourcecode.swift; path = GameListNavigationRouter.swift; sourceTree = "<group>"; };
		D944CEFB26E410F6002D3CD5 /* Storyboard.swift */ = {isa = PBXFileReference; lastKnownFileType = sourcecode.swift; path = Storyboard.swift; sourceTree = "<group>"; };
		D944CEFE26E41122002D3CD5 /* ViewController.swift */ = {isa = PBXFileReference; lastKnownFileType = sourcecode.swift; path = ViewController.swift; sourceTree = "<group>"; };
		D944CF0126E4115E002D3CD5 /* UIViewController+Extension.swift */ = {isa = PBXFileReference; lastKnownFileType = sourcecode.swift; path = "UIViewController+Extension.swift"; sourceTree = "<group>"; };
		D944CF0426E411EF002D3CD5 /* AppNavigationRouter.swift */ = {isa = PBXFileReference; lastKnownFileType = sourcecode.swift; path = AppNavigationRouter.swift; sourceTree = "<group>"; };
		D944CF0A26E418B0002D3CD5 /* APIConfig-Dev.swift */ = {isa = PBXFileReference; lastKnownFileType = sourcecode.swift; path = "APIConfig-Dev.swift"; sourceTree = "<group>"; };
		D944CF0C26E418BF002D3CD5 /* APIConfig-Prod.swift */ = {isa = PBXFileReference; lastKnownFileType = sourcecode.swift; path = "APIConfig-Prod.swift"; sourceTree = "<group>"; };
		D944CF1126E41921002D3CD5 /* GameListNetworkRouter.swift */ = {isa = PBXFileReference; lastKnownFileType = sourcecode.swift; path = GameListNetworkRouter.swift; sourceTree = "<group>"; };
		D944CF1426E4193D002D3CD5 /* GameListResponse.swift */ = {isa = PBXFileReference; lastKnownFileType = sourcecode.swift; path = GameListResponse.swift; sourceTree = "<group>"; };
		D944CF1826E41B85002D3CD5 /* GameListRequest.swift */ = {isa = PBXFileReference; lastKnownFileType = sourcecode.swift; path = GameListRequest.swift; sourceTree = "<group>"; };
		D944CF1B26E41BE5002D3CD5 /* HTTPHelpers.swift */ = {isa = PBXFileReference; lastKnownFileType = sourcecode.swift; path = HTTPHelpers.swift; sourceTree = "<group>"; };
		D944CF1E26E41D89002D3CD5 /* Codable+Extension.swift */ = {isa = PBXFileReference; lastKnownFileType = sourcecode.swift; path = "Codable+Extension.swift"; sourceTree = "<group>"; };
		D944CF2226E422BB002D3CD5 /* NetworkManager.swift */ = {isa = PBXFileReference; lastKnownFileType = sourcecode.swift; path = NetworkManager.swift; sourceTree = "<group>"; };
		D944CF2526E42316002D3CD5 /* NetworkRoutering.swift */ = {isa = PBXFileReference; lastKnownFileType = sourcecode.swift; path = NetworkRoutering.swift; sourceTree = "<group>"; };
		D944CF2926E423AA002D3CD5 /* GameRemoteReprository.swift */ = {isa = PBXFileReference; lastKnownFileType = sourcecode.swift; path = GameRemoteReprository.swift; sourceTree = "<group>"; };
		D944CF2D26E42707002D3CD5 /* GameListLocalReprository.swift */ = {isa = PBXFileReference; lastKnownFileType = sourcecode.swift; path = GameListLocalReprository.swift; sourceTree = "<group>"; };
		D944CF3026E4284F002D3CD5 /* LocalStorageKey.swift */ = {isa = PBXFileReference; lastKnownFileType = sourcecode.swift; path = LocalStorageKey.swift; sourceTree = "<group>"; };
		D944CF3326E42911002D3CD5 /* GameListReprository.swift */ = {isa = PBXFileReference; lastKnownFileType = sourcecode.swift; path = GameListReprository.swift; sourceTree = "<group>"; };
		D944CF3626E42AAD002D3CD5 /* Page.swift */ = {isa = PBXFileReference; lastKnownFileType = sourcecode.swift; path = Page.swift; sourceTree = "<group>"; };
		D9BF398B26E4BAC9006ABCFE /* GameListPresenter.swift */ = {isa = PBXFileReference; lastKnownFileType = sourcecode.swift; path = GameListPresenter.swift; sourceTree = "<group>"; };
		D9BF398F26E4BBC4006ABCFE /* GameListProtocol.swift */ = {isa = PBXFileReference; lastKnownFileType = sourcecode.swift; path = GameListProtocol.swift; sourceTree = "<group>"; };
		D9BF399126E4C183006ABCFE /* GameListError.swift */ = {isa = PBXFileReference; lastKnownFileType = sourcecode.swift; path = GameListError.swift; sourceTree = "<group>"; };
		D9BF399626E4D2C6006ABCFE /* GameListInteractor.swift */ = {isa = PBXFileReference; lastKnownFileType = sourcecode.swift; path = GameListInteractor.swift; sourceTree = "<group>"; };
		D9BF399826E4D35E006ABCFE /* OpenedGameReprository.swift */ = {isa = PBXFileReference; lastKnownFileType = sourcecode.swift; path = OpenedGameReprository.swift; sourceTree = "<group>"; };
/* End PBXFileReference section */

/* Begin PBXFrameworksBuildPhase section */
		D944CE6A26E3FD63002D3CD5 /* Frameworks */ = {
			isa = PBXFrameworksBuildPhase;
			buildActionMask = 2147483647;
			files = (
			);
			runOnlyForDeploymentPostprocessing = 0;
		};
		D944CE8326E3FD65002D3CD5 /* Frameworks */ = {
			isa = PBXFrameworksBuildPhase;
			buildActionMask = 2147483647;
			files = (
			);
			runOnlyForDeploymentPostprocessing = 0;
		};
		D944CE8E26E3FD65002D3CD5 /* Frameworks */ = {
			isa = PBXFrameworksBuildPhase;
			buildActionMask = 2147483647;
			files = (
			);
			runOnlyForDeploymentPostprocessing = 0;
		};
		D944CEBB26E405AB002D3CD5 /* Frameworks */ = {
			isa = PBXFrameworksBuildPhase;
			buildActionMask = 2147483647;
			files = (
			);
			runOnlyForDeploymentPostprocessing = 0;
		};
/* End PBXFrameworksBuildPhase section */

/* Begin PBXGroup section */
		D944CE6426E3FD63002D3CD5 = {
			isa = PBXGroup;
			children = (
				D944CE6F26E3FD63002D3CD5 /* LeanScaleTask */,
				D944CE8926E3FD65002D3CD5 /* LeanScaleTaskTests */,
				D944CE9426E3FD65002D3CD5 /* LeanScaleTaskUITests */,
				D944CE6E26E3FD63002D3CD5 /* Products */,
			);
			sourceTree = "<group>";
		};
		D944CE6E26E3FD63002D3CD5 /* Products */ = {
			isa = PBXGroup;
			children = (
				D944CE6D26E3FD63002D3CD5 /* LeanScaleTaskDev.app */,
				D944CE8626E3FD65002D3CD5 /* LeanScaleTaskTests.xctest */,
				D944CE9126E3FD65002D3CD5 /* LeanScaleTaskUITests.xctest */,
				D944CEC326E405AB002D3CD5 /* LeanScaleTaskProd.app */,
			);
			name = Products;
			sourceTree = "<group>";
		};
		D944CE6F26E3FD63002D3CD5 /* LeanScaleTask */ = {
			isa = PBXGroup;
			children = (
				D944CEF126E40E0E002D3CD5 /* Features */,
				D944CEA326E401A3002D3CD5 /* SupportingFiles */,
			);
			path = LeanScaleTask;
			sourceTree = "<group>";
		};
		D944CE8926E3FD65002D3CD5 /* LeanScaleTaskTests */ = {
			isa = PBXGroup;
			children = (
				D944CE8A26E3FD65002D3CD5 /* LeanScaleTaskTests.swift */,
				D944CE8C26E3FD65002D3CD5 /* Info.plist */,
			);
			path = LeanScaleTaskTests;
			sourceTree = "<group>";
		};
		D944CE9426E3FD65002D3CD5 /* LeanScaleTaskUITests */ = {
			isa = PBXGroup;
			children = (
				D944CE9526E3FD65002D3CD5 /* LeanScaleTaskUITests.swift */,
				D944CE9726E3FD65002D3CD5 /* Info.plist */,
			);
			path = LeanScaleTaskUITests;
			sourceTree = "<group>";
		};
		D944CEA326E401A3002D3CD5 /* SupportingFiles */ = {
			isa = PBXGroup;
			children = (
				D944CF0926E4145E002D3CD5 /* Utilities */,
				D944CEFA26E410E5002D3CD5 /* Constants */,
				D944CEF226E40E1C002D3CD5 /* Extensions */,
				D944CEA626E401E1002D3CD5 /* Resources */,
				D944CEA526E401BC002D3CD5 /* Configs */,
				D944CEA426E401B4002D3CD5 /* App */,
			);
			path = SupportingFiles;
			sourceTree = "<group>";
		};
		D944CEA426E401B4002D3CD5 /* App */ = {
			isa = PBXGroup;
			children = (
				D944CE7026E3FD63002D3CD5 /* AppDelegate.swift */,
				D944CF0426E411EF002D3CD5 /* AppNavigationRouter.swift */,
			);
			path = App;
			sourceTree = "<group>";
		};
		D944CEA526E401BC002D3CD5 /* Configs */ = {
			isa = PBXGroup;
			children = (
				D944CEAC26E402BA002D3CD5 /* Info-Dev.plist */,
				D944CEC426E405CD002D3CD5 /* Info-Prod.plist */,
				D944CE7926E3FD63002D3CD5 /* LeanScaleTask.xcdatamodeld */,
				D944CF0A26E418B0002D3CD5 /* APIConfig-Dev.swift */,
				D944CF0C26E418BF002D3CD5 /* APIConfig-Prod.swift */,
			);
			path = Configs;
			sourceTree = "<group>";
		};
		D944CEA626E401E1002D3CD5 /* Resources */ = {
			isa = PBXGroup;
			children = (
				D944CE7C26E3FD65002D3CD5 /* Assets.xcassets */,
				D944CE7E26E3FD65002D3CD5 /* LaunchScreen.storyboard */,
			);
			path = Resources;
			sourceTree = "<group>";
		};
		D944CED626E40808002D3CD5 /* GameList */ = {
			isa = PBXGroup;
			children = (
				D9BF399526E4D249006ABCFE /* Interactor */,
				D9BF398A26E4BABC006ABCFE /* Presenter */,
				D944CEF926E410A9002D3CD5 /* Router */,
				D944CEEB26E40C98002D3CD5 /* Entity */,
				D944CED726E40821002D3CD5 /* View */,
			);
			path = GameList;
			sourceTree = "<group>";
		};
		D944CED726E40821002D3CD5 /* View */ = {
			isa = PBXGroup;
			children = (
				D944CEE426E40904002D3CD5 /* Controller */,
				D944CED826E40824002D3CD5 /* Layout */,
			);
			path = View;
			sourceTree = "<group>";
		};
		D944CED826E40824002D3CD5 /* Layout */ = {
			isa = PBXGroup;
			children = (
				D944CEE326E408FD002D3CD5 /* Cell */,
				D944CED926E40834002D3CD5 /* GameList.storyboard */,
			);
			path = Layout;
			sourceTree = "<group>";
		};
		D944CEE326E408FD002D3CD5 /* Cell */ = {
			isa = PBXGroup;
			children = (
				D944CEDE26E408F9002D3CD5 /* GameTableViewCell.xib */,
			);
			path = Cell;
			sourceTree = "<group>";
		};
		D944CEE426E40904002D3CD5 /* Controller */ = {
			isa = PBXGroup;
			children = (
				D944CEE726E40911002D3CD5 /* Cell */,
				D944CEE526E40909002D3CD5 /* Screen */,
			);
			path = Controller;
			sourceTree = "<group>";
		};
		D944CEE526E40909002D3CD5 /* Screen */ = {
			isa = PBXGroup;
			children = (
				D944CEE826E40952002D3CD5 /* GameListViewController.swift */,
			);
			path = Screen;
			sourceTree = "<group>";
		};
		D944CEE726E40911002D3CD5 /* Cell */ = {
			isa = PBXGroup;
			children = (
				D944CEDD26E408F9002D3CD5 /* GameTableViewCell.swift */,
			);
			path = Cell;
			sourceTree = "<group>";
		};
		D944CEEB26E40C98002D3CD5 /* Entity */ = {
			isa = PBXGroup;
			children = (
				D9BF398E26E4BBB5006ABCFE /* Protocol */,
				D944CF0F26E41908002D3CD5 /* Data */,
				D944CEEC26E40C9F002D3CD5 /* UI */,
				D9BF399126E4C183006ABCFE /* GameListError.swift */,
			);
			path = Entity;
			sourceTree = "<group>";
		};
		D944CEEC26E40C9F002D3CD5 /* UI */ = {
			isa = PBXGroup;
			children = (
				D944CEED26E40CAD002D3CD5 /* GameListCellViewModel.swift */,
			);
			path = UI;
			sourceTree = "<group>";
		};
		D944CEF126E40E0E002D3CD5 /* Features */ = {
			isa = PBXGroup;
			children = (
				D944CED626E40808002D3CD5 /* GameList */,
			);
			path = Features;
			sourceTree = "<group>";
		};
		D944CEF226E40E1C002D3CD5 /* Extensions */ = {
			isa = PBXGroup;
			children = (
				D944CEF326E40E2F002D3CD5 /* UIImageView+Extension.swift */,
				D944CF0126E4115E002D3CD5 /* UIViewController+Extension.swift */,
				D944CF1E26E41D89002D3CD5 /* Codable+Extension.swift */,
			);
			path = Extensions;
			sourceTree = "<group>";
		};
		D944CEF926E410A9002D3CD5 /* Router */ = {
			isa = PBXGroup;
			children = (
				D944CEF626E410A5002D3CD5 /* GameListNavigationRouter.swift */,
			);
			path = Router;
			sourceTree = "<group>";
		};
		D944CEFA26E410E5002D3CD5 /* Constants */ = {
			isa = PBXGroup;
			children = (
				D944CEFB26E410F6002D3CD5 /* Storyboard.swift */,
				D944CEFE26E41122002D3CD5 /* ViewController.swift */,
				D944CF3026E4284F002D3CD5 /* LocalStorageKey.swift */,
			);
			path = Constants;
			sourceTree = "<group>";
		};
		D944CF0926E4145E002D3CD5 /* Utilities */ = {
			isa = PBXGroup;
			children = (
				D944CF2126E4229E002D3CD5 /* Network */,
			);
			path = Utilities;
			sourceTree = "<group>";
		};
		D944CF0F26E41908002D3CD5 /* Data */ = {
			isa = PBXGroup;
			children = (
				D944CF2C26E426F3002D3CD5 /* Reprository */,
				D944CF2826E4238D002D3CD5 /* Response */,
				D944CF1326E4192C002D3CD5 /* Request */,
				D944CF1126E41921002D3CD5 /* GameListNetworkRouter.swift */,
				D944CF3626E42AAD002D3CD5 /* Page.swift */,
			);
			path = Data;
			sourceTree = "<group>";
		};
		D944CF1326E4192C002D3CD5 /* Request */ = {
			isa = PBXGroup;
			children = (
				D944CF1826E41B85002D3CD5 /* GameListRequest.swift */,
			);
			path = Request;
			sourceTree = "<group>";
		};
		D944CF2126E4229E002D3CD5 /* Network */ = {
			isa = PBXGroup;
			children = (
				D944CF1B26E41BE5002D3CD5 /* HTTPHelpers.swift */,
				D944CF2226E422BB002D3CD5 /* NetworkManager.swift */,
				D944CF2526E42316002D3CD5 /* NetworkRoutering.swift */,
			);
			path = Network;
			sourceTree = "<group>";
		};
		D944CF2826E4238D002D3CD5 /* Response */ = {
			isa = PBXGroup;
			children = (
				D944CF1426E4193D002D3CD5 /* GameListResponse.swift */,
			);
			path = Response;
			sourceTree = "<group>";
		};
		D944CF2C26E426F3002D3CD5 /* Reprository */ = {
			isa = PBXGroup;
			children = (
				D944CF2926E423AA002D3CD5 /* GameRemoteReprository.swift */,
				D944CF2D26E42707002D3CD5 /* GameListLocalReprository.swift */,
				D944CF3326E42911002D3CD5 /* GameListReprository.swift */,
				D9BF399826E4D35E006ABCFE /* OpenedGameReprository.swift */,
			);
			path = Reprository;
			sourceTree = "<group>";
		};
		D9BF398A26E4BABC006ABCFE /* Presenter */ = {
			isa = PBXGroup;
			children = (
				D9BF398B26E4BAC9006ABCFE /* GameListPresenter.swift */,
			);
			path = Presenter;
			sourceTree = "<group>";
		};
		D9BF398E26E4BBB5006ABCFE /* Protocol */ = {
			isa = PBXGroup;
			children = (
				D9BF398F26E4BBC4006ABCFE /* GameListProtocol.swift */,
			);
			path = Protocol;
			sourceTree = "<group>";
		};
		D9BF399526E4D249006ABCFE /* Interactor */ = {
			isa = PBXGroup;
			children = (
				D9BF399626E4D2C6006ABCFE /* GameListInteractor.swift */,
			);
			path = Interactor;
			sourceTree = "<group>";
		};
/* End PBXGroup section */

/* Begin PBXNativeTarget section */
		D944CE6C26E3FD63002D3CD5 /* LeanScaleTaskDev */ = {
			isa = PBXNativeTarget;
			buildConfigurationList = D944CE9A26E3FD65002D3CD5 /* Build configuration list for PBXNativeTarget "LeanScaleTaskDev" */;
			buildPhases = (
				D944CE6926E3FD63002D3CD5 /* Sources */,
				D944CE6A26E3FD63002D3CD5 /* Frameworks */,
				D944CE6B26E3FD63002D3CD5 /* Resources */,
			);
			buildRules = (
			);
			dependencies = (
			);
			name = LeanScaleTaskDev;
			productName = LeanScaleTask;
			productReference = D944CE6D26E3FD63002D3CD5 /* LeanScaleTaskDev.app */;
			productType = "com.apple.product-type.application";
		};
		D944CE8526E3FD65002D3CD5 /* LeanScaleTaskTests */ = {
			isa = PBXNativeTarget;
			buildConfigurationList = D944CE9D26E3FD65002D3CD5 /* Build configuration list for PBXNativeTarget "LeanScaleTaskTests" */;
			buildPhases = (
				D944CE8226E3FD65002D3CD5 /* Sources */,
				D944CE8326E3FD65002D3CD5 /* Frameworks */,
				D944CE8426E3FD65002D3CD5 /* Resources */,
			);
			buildRules = (
			);
			dependencies = (
				D944CE8826E3FD65002D3CD5 /* PBXTargetDependency */,
			);
			name = LeanScaleTaskTests;
			productName = LeanScaleTaskTests;
			productReference = D944CE8626E3FD65002D3CD5 /* LeanScaleTaskTests.xctest */;
			productType = "com.apple.product-type.bundle.unit-test";
		};
		D944CE9026E3FD65002D3CD5 /* LeanScaleTaskUITests */ = {
			isa = PBXNativeTarget;
			buildConfigurationList = D944CEA026E3FD65002D3CD5 /* Build configuration list for PBXNativeTarget "LeanScaleTaskUITests" */;
			buildPhases = (
				D944CE8D26E3FD65002D3CD5 /* Sources */,
				D944CE8E26E3FD65002D3CD5 /* Frameworks */,
				D944CE8F26E3FD65002D3CD5 /* Resources */,
			);
			buildRules = (
			);
			dependencies = (
				D944CE9326E3FD65002D3CD5 /* PBXTargetDependency */,
			);
			name = LeanScaleTaskUITests;
			productName = LeanScaleTaskUITests;
			productReference = D944CE9126E3FD65002D3CD5 /* LeanScaleTaskUITests.xctest */;
			productType = "com.apple.product-type.bundle.ui-testing";
		};
		D944CEB726E405AB002D3CD5 /* LeanScaleTaskProd */ = {
			isa = PBXNativeTarget;
			buildConfigurationList = D944CEC026E405AB002D3CD5 /* Build configuration list for PBXNativeTarget "LeanScaleTaskProd" */;
			buildPhases = (
				D944CEB826E405AB002D3CD5 /* Sources */,
				D944CEBB26E405AB002D3CD5 /* Frameworks */,
				D944CEBC26E405AB002D3CD5 /* Resources */,
			);
			buildRules = (
			);
			dependencies = (
			);
			name = LeanScaleTaskProd;
			productName = LeanScaleTask;
			productReference = D944CEC326E405AB002D3CD5 /* LeanScaleTaskProd.app */;
			productType = "com.apple.product-type.application";
		};
/* End PBXNativeTarget section */

/* Begin PBXProject section */
		D944CE6526E3FD63002D3CD5 /* Project object */ = {
			isa = PBXProject;
			attributes = {
				LastSwiftUpdateCheck = 1250;
				LastUpgradeCheck = 1250;
				TargetAttributes = {
					D944CE6C26E3FD63002D3CD5 = {
						CreatedOnToolsVersion = 12.5;
					};
					D944CE8526E3FD65002D3CD5 = {
						CreatedOnToolsVersion = 12.5;
						TestTargetID = D944CE6C26E3FD63002D3CD5;
					};
					D944CE9026E3FD65002D3CD5 = {
						CreatedOnToolsVersion = 12.5;
						TestTargetID = D944CE6C26E3FD63002D3CD5;
					};
				};
			};
			buildConfigurationList = D944CE6826E3FD63002D3CD5 /* Build configuration list for PBXProject "LeanScaleTask" */;
			compatibilityVersion = "Xcode 9.3";
			developmentRegion = en;
			hasScannedForEncodings = 0;
			knownRegions = (
				en,
				Base,
			);
			mainGroup = D944CE6426E3FD63002D3CD5;
			productRefGroup = D944CE6E26E3FD63002D3CD5 /* Products */;
			projectDirPath = "";
			projectRoot = "";
			targets = (
				D944CE6C26E3FD63002D3CD5 /* LeanScaleTaskDev */,
				D944CE8526E3FD65002D3CD5 /* LeanScaleTaskTests */,
				D944CE9026E3FD65002D3CD5 /* LeanScaleTaskUITests */,
				D944CEB726E405AB002D3CD5 /* LeanScaleTaskProd */,
			);
		};
/* End PBXProject section */

/* Begin PBXResourcesBuildPhase section */
		D944CE6B26E3FD63002D3CD5 /* Resources */ = {
			isa = PBXResourcesBuildPhase;
			buildActionMask = 2147483647;
			files = (
				D944CE8026E3FD65002D3CD5 /* LaunchScreen.storyboard in Resources */,
				D944CE7D26E3FD65002D3CD5 /* Assets.xcassets in Resources */,
				D944CEDA26E40834002D3CD5 /* GameList.storyboard in Resources */,
				D944CEE126E408F9002D3CD5 /* GameTableViewCell.xib in Resources */,
			);
			runOnlyForDeploymentPostprocessing = 0;
		};
		D944CE8426E3FD65002D3CD5 /* Resources */ = {
			isa = PBXResourcesBuildPhase;
			buildActionMask = 2147483647;
			files = (
			);
			runOnlyForDeploymentPostprocessing = 0;
		};
		D944CE8F26E3FD65002D3CD5 /* Resources */ = {
			isa = PBXResourcesBuildPhase;
			buildActionMask = 2147483647;
			files = (
			);
			runOnlyForDeploymentPostprocessing = 0;
		};
		D944CEBC26E405AB002D3CD5 /* Resources */ = {
			isa = PBXResourcesBuildPhase;
			buildActionMask = 2147483647;
			files = (
				D944CEBE26E405AB002D3CD5 /* LaunchScreen.storyboard in Resources */,
				D944CEBF26E405AB002D3CD5 /* Assets.xcassets in Resources */,
				D944CEDB26E40834002D3CD5 /* GameList.storyboard in Resources */,
				D944CEE226E408F9002D3CD5 /* GameTableViewCell.xib in Resources */,
			);
			runOnlyForDeploymentPostprocessing = 0;
		};
/* End PBXResourcesBuildPhase section */

/* Begin PBXSourcesBuildPhase section */
		D944CE6926E3FD63002D3CD5 /* Sources */ = {
			isa = PBXSourcesBuildPhase;
			buildActionMask = 2147483647;
			files = (
				D944CF2326E422BB002D3CD5 /* NetworkManager.swift in Sources */,
				D944CF2E26E42707002D3CD5 /* GameListLocalReprository.swift in Sources */,
				D944CF3726E42AAD002D3CD5 /* Page.swift in Sources */,
				D944CEF426E40E2F002D3CD5 /* UIImageView+Extension.swift in Sources */,
				D944CF2A26E423AA002D3CD5 /* GameRemoteReprository.swift in Sources */,
				D944CEF726E410A5002D3CD5 /* GameListNavigationRouter.swift in Sources */,
				D944CF3126E4284F002D3CD5 /* LocalStorageKey.swift in Sources */,
				D944CF1C26E41BE5002D3CD5 /* HTTPHelpers.swift in Sources */,
				D944CF0526E411EF002D3CD5 /* AppNavigationRouter.swift in Sources */,
				D944CEE926E40952002D3CD5 /* GameListViewController.swift in Sources */,
				D944CF1F26E41D89002D3CD5 /* Codable+Extension.swift in Sources */,
				D944CEFF26E41122002D3CD5 /* ViewController.swift in Sources */,
				D944CF3426E42911002D3CD5 /* GameListReprository.swift in Sources */,
				D9BF399026E4BBC4006ABCFE /* GameListProtocol.swift in Sources */,
				D944CF2626E42316002D3CD5 /* NetworkRoutering.swift in Sources */,
				D9BF398C26E4BAC9006ABCFE /* GameListPresenter.swift in Sources */,
				D944CF1226E41921002D3CD5 /* GameListNetworkRouter.swift in Sources */,
				D944CEEE26E40CAD002D3CD5 /* GameListCellViewModel.swift in Sources */,
				D944CF1926E41B85002D3CD5 /* GameListRequest.swift in Sources */,
				D944CF0B26E418B0002D3CD5 /* APIConfig-Dev.swift in Sources */,
				D944CEFC26E410F6002D3CD5 /* Storyboard.swift in Sources */,
				D9BF399926E4D35E006ABCFE /* OpenedGameReprository.swift in Sources */,
				D944CE7B26E3FD63002D3CD5 /* LeanScaleTask.xcdatamodeld in Sources */,
				D944CE7126E3FD63002D3CD5 /* AppDelegate.swift in Sources */,
				D9BF399226E4C183006ABCFE /* GameListError.swift in Sources */,
				D9BF399726E4D2C6006ABCFE /* GameListInteractor.swift in Sources */,
				D944CF0226E4115E002D3CD5 /* UIViewController+Extension.swift in Sources */,
				D944CEDF26E408F9002D3CD5 /* GameTableViewCell.swift in Sources */,
				D944CF1526E4193D002D3CD5 /* GameListResponse.swift in Sources */,
			);
			runOnlyForDeploymentPostprocessing = 0;
		};
		D944CE8226E3FD65002D3CD5 /* Sources */ = {
			isa = PBXSourcesBuildPhase;
			buildActionMask = 2147483647;
			files = (
				D944CE8B26E3FD65002D3CD5 /* LeanScaleTaskTests.swift in Sources */,
			);
			runOnlyForDeploymentPostprocessing = 0;
		};
		D944CE8D26E3FD65002D3CD5 /* Sources */ = {
			isa = PBXSourcesBuildPhase;
			buildActionMask = 2147483647;
			files = (
				D944CE9626E3FD65002D3CD5 /* LeanScaleTaskUITests.swift in Sources */,
			);
			runOnlyForDeploymentPostprocessing = 0;
		};
		D944CEB826E405AB002D3CD5 /* Sources */ = {
			isa = PBXSourcesBuildPhase;
			buildActionMask = 2147483647;
			files = (
				D944CF2426E422BB002D3CD5 /* NetworkManager.swift in Sources */,
				D944CF2F26E42707002D3CD5 /* GameListLocalReprository.swift in Sources */,
				D944CF3826E42AAD002D3CD5 /* Page.swift in Sources */,
				D944CEF526E40E2F002D3CD5 /* UIImageView+Extension.swift in Sources */,
				D944CF2B26E423AA002D3CD5 /* GameRemoteReprository.swift in Sources */,
				D944CF0E26E418F9002D3CD5 /* APIConfig-Prod.swift in Sources */,
				D944CF3226E4284F002D3CD5 /* LocalStorageKey.swift in Sources */,
				D944CF1D26E41BE5002D3CD5 /* HTTPHelpers.swift in Sources */,
				D944CEF826E410A5002D3CD5 /* GameListNavigationRouter.swift in Sources */,
				D944CF0626E411EF002D3CD5 /* AppNavigationRouter.swift in Sources */,
				D944CF2026E41D89002D3CD5 /* Codable+Extension.swift in Sources */,
				D944CEEA26E40952002D3CD5 /* GameListViewController.swift in Sources */,
				D944CF3526E42911002D3CD5 /* GameListReprository.swift in Sources */,
				D944CF2726E42316002D3CD5 /* NetworkRoutering.swift in Sources */,
				D9BF399326E4D14A006ABCFE /* GameListPresenter.swift in Sources */,
				D944CF1626E41B76002D3CD5 /* GameListNetworkRouter.swift in Sources */,
				D944CF1726E41B79002D3CD5 /* GameListResponse.swift in Sources */,
				D944CF1A26E41B85002D3CD5 /* GameListRequest.swift in Sources */,
				D944CF0026E41122002D3CD5 /* ViewController.swift in Sources */,
				D9BF399A26E4D35E006ABCFE /* OpenedGameReprository.swift in Sources */,
				D944CEEF26E40CAD002D3CD5 /* GameListCellViewModel.swift in Sources */,
				D944CEFD26E410F6002D3CD5 /* Storyboard.swift in Sources */,
				D944CEB926E405AB002D3CD5 /* LeanScaleTask.xcdatamodeld in Sources */,
				D944CEBA26E405AB002D3CD5 /* AppDelegate.swift in Sources */,
				D944CF0326E4115E002D3CD5 /* UIViewController+Extension.swift in Sources */,
				D944CEE026E408F9002D3CD5 /* GameTableViewCell.swift in Sources */,
			);
			runOnlyForDeploymentPostprocessing = 0;
		};
/* End PBXSourcesBuildPhase section */

/* Begin PBXTargetDependency section */
		D944CE8826E3FD65002D3CD5 /* PBXTargetDependency */ = {
			isa = PBXTargetDependency;
			target = D944CE6C26E3FD63002D3CD5 /* LeanScaleTaskDev */;
			targetProxy = D944CE8726E3FD65002D3CD5 /* PBXContainerItemProxy */;
		};
		D944CE9326E3FD65002D3CD5 /* PBXTargetDependency */ = {
			isa = PBXTargetDependency;
			target = D944CE6C26E3FD63002D3CD5 /* LeanScaleTaskDev */;
			targetProxy = D944CE9226E3FD65002D3CD5 /* PBXContainerItemProxy */;
		};
/* End PBXTargetDependency section */

/* Begin PBXVariantGroup section */
		D944CE7E26E3FD65002D3CD5 /* LaunchScreen.storyboard */ = {
			isa = PBXVariantGroup;
			children = (
				D944CE7F26E3FD65002D3CD5 /* Base */,
			);
			name = LaunchScreen.storyboard;
			sourceTree = "<group>";
		};
/* End PBXVariantGroup section */

/* Begin XCBuildConfiguration section */
		D944CE9826E3FD65002D3CD5 /* Debug */ = {
			isa = XCBuildConfiguration;
			buildSettings = {
				ALWAYS_SEARCH_USER_PATHS = NO;
				CLANG_ANALYZER_NONNULL = YES;
				CLANG_ANALYZER_NUMBER_OBJECT_CONVERSION = YES_AGGRESSIVE;
				CLANG_CXX_LANGUAGE_STANDARD = "gnu++14";
				CLANG_CXX_LIBRARY = "libc++";
				CLANG_ENABLE_MODULES = YES;
				CLANG_ENABLE_OBJC_ARC = YES;
				CLANG_ENABLE_OBJC_WEAK = YES;
				CLANG_WARN_BLOCK_CAPTURE_AUTORELEASING = YES;
				CLANG_WARN_BOOL_CONVERSION = YES;
				CLANG_WARN_COMMA = YES;
				CLANG_WARN_CONSTANT_CONVERSION = YES;
				CLANG_WARN_DEPRECATED_OBJC_IMPLEMENTATIONS = YES;
				CLANG_WARN_DIRECT_OBJC_ISA_USAGE = YES_ERROR;
				CLANG_WARN_DOCUMENTATION_COMMENTS = YES;
				CLANG_WARN_EMPTY_BODY = YES;
				CLANG_WARN_ENUM_CONVERSION = YES;
				CLANG_WARN_INFINITE_RECURSION = YES;
				CLANG_WARN_INT_CONVERSION = YES;
				CLANG_WARN_NON_LITERAL_NULL_CONVERSION = YES;
				CLANG_WARN_OBJC_IMPLICIT_RETAIN_SELF = YES;
				CLANG_WARN_OBJC_LITERAL_CONVERSION = YES;
				CLANG_WARN_OBJC_ROOT_CLASS = YES_ERROR;
				CLANG_WARN_QUOTED_INCLUDE_IN_FRAMEWORK_HEADER = YES;
				CLANG_WARN_RANGE_LOOP_ANALYSIS = YES;
				CLANG_WARN_STRICT_PROTOTYPES = YES;
				CLANG_WARN_SUSPICIOUS_MOVE = YES;
				CLANG_WARN_UNGUARDED_AVAILABILITY = YES_AGGRESSIVE;
				CLANG_WARN_UNREACHABLE_CODE = YES;
				CLANG_WARN__DUPLICATE_METHOD_MATCH = YES;
				COPY_PHASE_STRIP = NO;
				DEBUG_INFORMATION_FORMAT = dwarf;
				ENABLE_STRICT_OBJC_MSGSEND = YES;
				ENABLE_TESTABILITY = YES;
				GCC_C_LANGUAGE_STANDARD = gnu11;
				GCC_DYNAMIC_NO_PIC = NO;
				GCC_NO_COMMON_BLOCKS = YES;
				GCC_OPTIMIZATION_LEVEL = 0;
				GCC_PREPROCESSOR_DEFINITIONS = (
					"DEBUG=1",
					"$(inherited)",
				);
				GCC_WARN_64_TO_32_BIT_CONVERSION = YES;
				GCC_WARN_ABOUT_RETURN_TYPE = YES_ERROR;
				GCC_WARN_UNDECLARED_SELECTOR = YES;
				GCC_WARN_UNINITIALIZED_AUTOS = YES_AGGRESSIVE;
				GCC_WARN_UNUSED_FUNCTION = YES;
				GCC_WARN_UNUSED_VARIABLE = YES;
				IPHONEOS_DEPLOYMENT_TARGET = 11.0;
				MTL_ENABLE_DEBUG_INFO = INCLUDE_SOURCE;
				MTL_FAST_MATH = YES;
				ONLY_ACTIVE_ARCH = YES;
				SDKROOT = iphoneos;
				SWIFT_ACTIVE_COMPILATION_CONDITIONS = DEBUG;
				SWIFT_OPTIMIZATION_LEVEL = "-Onone";
			};
			name = Debug;
		};
		D944CE9926E3FD65002D3CD5 /* Release */ = {
			isa = XCBuildConfiguration;
			buildSettings = {
				ALWAYS_SEARCH_USER_PATHS = NO;
				CLANG_ANALYZER_NONNULL = YES;
				CLANG_ANALYZER_NUMBER_OBJECT_CONVERSION = YES_AGGRESSIVE;
				CLANG_CXX_LANGUAGE_STANDARD = "gnu++14";
				CLANG_CXX_LIBRARY = "libc++";
				CLANG_ENABLE_MODULES = YES;
				CLANG_ENABLE_OBJC_ARC = YES;
				CLANG_ENABLE_OBJC_WEAK = YES;
				CLANG_WARN_BLOCK_CAPTURE_AUTORELEASING = YES;
				CLANG_WARN_BOOL_CONVERSION = YES;
				CLANG_WARN_COMMA = YES;
				CLANG_WARN_CONSTANT_CONVERSION = YES;
				CLANG_WARN_DEPRECATED_OBJC_IMPLEMENTATIONS = YES;
				CLANG_WARN_DIRECT_OBJC_ISA_USAGE = YES_ERROR;
				CLANG_WARN_DOCUMENTATION_COMMENTS = YES;
				CLANG_WARN_EMPTY_BODY = YES;
				CLANG_WARN_ENUM_CONVERSION = YES;
				CLANG_WARN_INFINITE_RECURSION = YES;
				CLANG_WARN_INT_CONVERSION = YES;
				CLANG_WARN_NON_LITERAL_NULL_CONVERSION = YES;
				CLANG_WARN_OBJC_IMPLICIT_RETAIN_SELF = YES;
				CLANG_WARN_OBJC_LITERAL_CONVERSION = YES;
				CLANG_WARN_OBJC_ROOT_CLASS = YES_ERROR;
				CLANG_WARN_QUOTED_INCLUDE_IN_FRAMEWORK_HEADER = YES;
				CLANG_WARN_RANGE_LOOP_ANALYSIS = YES;
				CLANG_WARN_STRICT_PROTOTYPES = YES;
				CLANG_WARN_SUSPICIOUS_MOVE = YES;
				CLANG_WARN_UNGUARDED_AVAILABILITY = YES_AGGRESSIVE;
				CLANG_WARN_UNREACHABLE_CODE = YES;
				CLANG_WARN__DUPLICATE_METHOD_MATCH = YES;
				COPY_PHASE_STRIP = NO;
				DEBUG_INFORMATION_FORMAT = "dwarf-with-dsym";
				ENABLE_NS_ASSERTIONS = NO;
				ENABLE_STRICT_OBJC_MSGSEND = YES;
				GCC_C_LANGUAGE_STANDARD = gnu11;
				GCC_NO_COMMON_BLOCKS = YES;
				GCC_WARN_64_TO_32_BIT_CONVERSION = YES;
				GCC_WARN_ABOUT_RETURN_TYPE = YES_ERROR;
				GCC_WARN_UNDECLARED_SELECTOR = YES;
				GCC_WARN_UNINITIALIZED_AUTOS = YES_AGGRESSIVE;
				GCC_WARN_UNUSED_FUNCTION = YES;
				GCC_WARN_UNUSED_VARIABLE = YES;
				IPHONEOS_DEPLOYMENT_TARGET = 11.0;
				MTL_ENABLE_DEBUG_INFO = NO;
				MTL_FAST_MATH = YES;
				SDKROOT = iphoneos;
				SWIFT_COMPILATION_MODE = wholemodule;
				SWIFT_OPTIMIZATION_LEVEL = "-O";
				VALIDATE_PRODUCT = YES;
			};
			name = Release;
		};
		D944CE9B26E3FD65002D3CD5 /* Debug */ = {
			isa = XCBuildConfiguration;
			buildSettings = {
				ASSETCATALOG_COMPILER_APPICON_NAME = AppIcon;
				ASSETCATALOG_COMPILER_GLOBAL_ACCENT_COLOR_NAME = AccentColor;
				CODE_SIGN_STYLE = Automatic;
				INFOPLIST_FILE = "LeanScaleTask/SupportingFiles/Configs/Info-Dev.plist";
				IPHONEOS_DEPLOYMENT_TARGET = 11.0;
				LD_RUNPATH_SEARCH_PATHS = (
					"$(inherited)",
					"@executable_path/Frameworks",
				);
				PRODUCT_BUNDLE_IDENTIFIER = LeanScale.LeanScaleTask;
				PRODUCT_NAME = "$(TARGET_NAME)";
				SWIFT_ACTIVE_COMPILATION_CONDITIONS = DEV;
				SWIFT_VERSION = 5.0;
				TARGETED_DEVICE_FAMILY = "1,2";
			};
			name = Debug;
		};
		D944CE9C26E3FD65002D3CD5 /* Release */ = {
			isa = XCBuildConfiguration;
			buildSettings = {
				ASSETCATALOG_COMPILER_APPICON_NAME = AppIcon;
				ASSETCATALOG_COMPILER_GLOBAL_ACCENT_COLOR_NAME = AccentColor;
				CODE_SIGN_STYLE = Automatic;
				INFOPLIST_FILE = "LeanScaleTask/SupportingFiles/Configs/Info-Dev.plist";
				IPHONEOS_DEPLOYMENT_TARGET = 11.0;
				LD_RUNPATH_SEARCH_PATHS = (
					"$(inherited)",
					"@executable_path/Frameworks",
				);
				PRODUCT_BUNDLE_IDENTIFIER = LeanScale.LeanScaleTask;
				PRODUCT_NAME = "$(TARGET_NAME)";
				SWIFT_ACTIVE_COMPILATION_CONDITIONS = DEV;
				SWIFT_VERSION = 5.0;
				TARGETED_DEVICE_FAMILY = "1,2";
			};
			name = Release;
		};
		D944CE9E26E3FD65002D3CD5 /* Debug */ = {
			isa = XCBuildConfiguration;
			buildSettings = {
				ALWAYS_EMBED_SWIFT_STANDARD_LIBRARIES = YES;
				BUNDLE_LOADER = "$(TEST_HOST)";
				CODE_SIGN_STYLE = Automatic;
				INFOPLIST_FILE = LeanScaleTaskTests/Info.plist;
				IPHONEOS_DEPLOYMENT_TARGET = 14.5;
				LD_RUNPATH_SEARCH_PATHS = (
					"$(inherited)",
					"@executable_path/Frameworks",
					"@loader_path/Frameworks",
				);
				PRODUCT_BUNDLE_IDENTIFIER = LeanScale.LeanScaleTaskTests;
				PRODUCT_NAME = "$(TARGET_NAME)";
				SWIFT_VERSION = 5.0;
				TARGETED_DEVICE_FAMILY = "1,2";
				TEST_HOST = "$(BUILT_PRODUCTS_DIR)/LeanScaleTask.app/LeanScaleTask";
			};
			name = Debug;
		};
		D944CE9F26E3FD65002D3CD5 /* Release */ = {
			isa = XCBuildConfiguration;
			buildSettings = {
				ALWAYS_EMBED_SWIFT_STANDARD_LIBRARIES = YES;
				BUNDLE_LOADER = "$(TEST_HOST)";
				CODE_SIGN_STYLE = Automatic;
				INFOPLIST_FILE = LeanScaleTaskTests/Info.plist;
				IPHONEOS_DEPLOYMENT_TARGET = 14.5;
				LD_RUNPATH_SEARCH_PATHS = (
					"$(inherited)",
					"@executable_path/Frameworks",
					"@loader_path/Frameworks",
				);
				PRODUCT_BUNDLE_IDENTIFIER = LeanScale.LeanScaleTaskTests;
				PRODUCT_NAME = "$(TARGET_NAME)";
				SWIFT_VERSION = 5.0;
				TARGETED_DEVICE_FAMILY = "1,2";
				TEST_HOST = "$(BUILT_PRODUCTS_DIR)/LeanScaleTask.app/LeanScaleTask";
			};
			name = Release;
		};
		D944CEA126E3FD65002D3CD5 /* Debug */ = {
			isa = XCBuildConfiguration;
			buildSettings = {
				ALWAYS_EMBED_SWIFT_STANDARD_LIBRARIES = YES;
				CODE_SIGN_STYLE = Automatic;
				INFOPLIST_FILE = LeanScaleTaskUITests/Info.plist;
				LD_RUNPATH_SEARCH_PATHS = (
					"$(inherited)",
					"@executable_path/Frameworks",
					"@loader_path/Frameworks",
				);
				PRODUCT_BUNDLE_IDENTIFIER = LeanScale.LeanScaleTaskUITests;
				PRODUCT_NAME = "$(TARGET_NAME)";
				SWIFT_VERSION = 5.0;
				TARGETED_DEVICE_FAMILY = "1,2";
				TEST_TARGET_NAME = LeanScaleTask;
			};
			name = Debug;
		};
		D944CEA226E3FD65002D3CD5 /* Release */ = {
			isa = XCBuildConfiguration;
			buildSettings = {
				ALWAYS_EMBED_SWIFT_STANDARD_LIBRARIES = YES;
				CODE_SIGN_STYLE = Automatic;
				INFOPLIST_FILE = LeanScaleTaskUITests/Info.plist;
				LD_RUNPATH_SEARCH_PATHS = (
					"$(inherited)",
					"@executable_path/Frameworks",
					"@loader_path/Frameworks",
				);
				PRODUCT_BUNDLE_IDENTIFIER = LeanScale.LeanScaleTaskUITests;
				PRODUCT_NAME = "$(TARGET_NAME)";
				SWIFT_VERSION = 5.0;
				TARGETED_DEVICE_FAMILY = "1,2";
				TEST_TARGET_NAME = LeanScaleTask;
			};
			name = Release;
		};
		D944CEC126E405AB002D3CD5 /* Debug */ = {
			isa = XCBuildConfiguration;
			buildSettings = {
				ASSETCATALOG_COMPILER_APPICON_NAME = AppIcon;
				ASSETCATALOG_COMPILER_GLOBAL_ACCENT_COLOR_NAME = AccentColor;
				CODE_SIGN_STYLE = Automatic;
				INFOPLIST_FILE = "LeanScaleTask/SupportingFiles/Configs/Info-Prod.plist";
				IPHONEOS_DEPLOYMENT_TARGET = 11.0;
				LD_RUNPATH_SEARCH_PATHS = (
					"$(inherited)",
					"@executable_path/Frameworks",
				);
				PRODUCT_BUNDLE_IDENTIFIER = LeanScale.LeanScaleTask;
				PRODUCT_NAME = "$(TARGET_NAME)";
				SWIFT_ACTIVE_COMPILATION_CONDITIONS = PROD;
				SWIFT_VERSION = 5.0;
				TARGETED_DEVICE_FAMILY = "1,2";
			};
			name = Debug;
		};
		D944CEC226E405AB002D3CD5 /* Release */ = {
			isa = XCBuildConfiguration;
			buildSettings = {
				ASSETCATALOG_COMPILER_APPICON_NAME = AppIcon;
				ASSETCATALOG_COMPILER_GLOBAL_ACCENT_COLOR_NAME = AccentColor;
				CODE_SIGN_STYLE = Automatic;
				INFOPLIST_FILE = "LeanScaleTask/SupportingFiles/Configs/Info-Prod.plist";
				IPHONEOS_DEPLOYMENT_TARGET = 11.0;
				LD_RUNPATH_SEARCH_PATHS = (
					"$(inherited)",
					"@executable_path/Frameworks",
				);
				PRODUCT_BUNDLE_IDENTIFIER = LeanScale.LeanScaleTask;
				PRODUCT_NAME = "$(TARGET_NAME)";
				SWIFT_ACTIVE_COMPILATION_CONDITIONS = PROD;
				SWIFT_VERSION = 5.0;
				TARGETED_DEVICE_FAMILY = "1,2";
			};
			name = Release;
		};
/* End XCBuildConfiguration section */

/* Begin XCConfigurationList section */
		D944CE6826E3FD63002D3CD5 /* Build configuration list for PBXProject "LeanScaleTask" */ = {
			isa = XCConfigurationList;
			buildConfigurations = (
				D944CE9826E3FD65002D3CD5 /* Debug */,
				D944CE9926E3FD65002D3CD5 /* Release */,
			);
			defaultConfigurationIsVisible = 0;
			defaultConfigurationName = Release;
		};
		D944CE9A26E3FD65002D3CD5 /* Build configuration list for PBXNativeTarget "LeanScaleTaskDev" */ = {
			isa = XCConfigurationList;
			buildConfigurations = (
				D944CE9B26E3FD65002D3CD5 /* Debug */,
				D944CE9C26E3FD65002D3CD5 /* Release */,
			);
			defaultConfigurationIsVisible = 0;
			defaultConfigurationName = Release;
		};
		D944CE9D26E3FD65002D3CD5 /* Build configuration list for PBXNativeTarget "LeanScaleTaskTests" */ = {
			isa = XCConfigurationList;
			buildConfigurations = (
				D944CE9E26E3FD65002D3CD5 /* Debug */,
				D944CE9F26E3FD65002D3CD5 /* Release */,
			);
			defaultConfigurationIsVisible = 0;
			defaultConfigurationName = Release;
		};
		D944CEA026E3FD65002D3CD5 /* Build configuration list for PBXNativeTarget "LeanScaleTaskUITests" */ = {
			isa = XCConfigurationList;
			buildConfigurations = (
				D944CEA126E3FD65002D3CD5 /* Debug */,
				D944CEA226E3FD65002D3CD5 /* Release */,
			);
			defaultConfigurationIsVisible = 0;
			defaultConfigurationName = Release;
		};
		D944CEC026E405AB002D3CD5 /* Build configuration list for PBXNativeTarget "LeanScaleTaskProd" */ = {
			isa = XCConfigurationList;
			buildConfigurations = (
				D944CEC126E405AB002D3CD5 /* Debug */,
				D944CEC226E405AB002D3CD5 /* Release */,
			);
			defaultConfigurationIsVisible = 0;
			defaultConfigurationName = Release;
		};
/* End XCConfigurationList section */

/* Begin XCVersionGroup section */
		D944CE7926E3FD63002D3CD5 /* LeanScaleTask.xcdatamodeld */ = {
			isa = XCVersionGroup;
			children = (
				D944CE7A26E3FD63002D3CD5 /* LeanScaleTask.xcdatamodel */,
			);
			currentVersion = D944CE7A26E3FD63002D3CD5 /* LeanScaleTask.xcdatamodel */;
			path = LeanScaleTask.xcdatamodeld;
			sourceTree = "<group>";
			versionGroupType = wrapper.xcdatamodel;
		};
/* End XCVersionGroup section */
	};
	rootObject = D944CE6526E3FD63002D3CD5 /* Project object */;
}
